Microsoft Visual Studio Solution File, Format Version 12.00
# Visual Studio 2012
Project("{FAE04EC0-301F-11D3-BF4B-00C04F79EFBC}") = "tilemaps", "tilemaps.csproj", "{461D9C03-1BC4-40FB-B7D6-DD378B32AA64}"
EndProject
Global
	GlobalSection(SolutionConfigurationPlatforms) = preSolution
	Debug|Any CPU = Debug|Any CPU
	ExportDebug|Any CPU = ExportDebug|Any CPU
	ExportRelease|Any CPU = ExportRelease|Any CPU
	EndGlobalSection
	GlobalSection(ProjectConfigurationPlatforms) = postSolution
		{461D9C03-1BC4-40FB-B7D6-DD378B32AA64}.Debug|Any CPU.ActiveCfg = Debug|Any CPU
		{461D9C03-1BC4-40FB-B7D6-DD378B32AA64}.Debug|Any CPU.Build.0 = Debug|Any CPU
		{461D9C03-1BC4-40FB-B7D6-DD378B32AA64}.ExportDebug|Any CPU.ActiveCfg = ExportDebug|Any CPU
		{461D9C03-1BC4-40FB-B7D6-DD378B32AA64}.ExportDebug|Any CPU.Build.0 = ExportDebug|Any CPU
		{461D9C03-1BC4-40FB-B7D6-DD378B32AA64}.ExportRelease|Any CPU.ActiveCfg = ExportRelease|Any CPU
		{461D9C03-1BC4-40FB-B7D6-DD378B32AA64}.ExportRelease|Any CPU.Build.0 = ExportRelease|Any CPU
	EndGlobalSection
EndGlobal
